
Microsoft Visual Studio Solution File, Format Version 12.00
# Visual Studio Version 16
VisualStudioVersion = 16.0.30523.141
MinimumVisualStudioVersion = 10.0.40219.1
Project("{FAE04EC0-301F-11D3-BF4B-00C04F79EFBC}") = "WindowsFormsApp2", "WindowsFormsApp2\WindowsFormsApp2.csproj", "{B5815B59-F9A4-40A6-B8B2-90DA589F1F82}"
EndProject
Global
	GlobalSection(SolutionConfigurationPlatforms) = preSolution
		Debug|Any CPU = Debug|Any CPU
		Release|Any CPU = Release|Any CPU
	EndGlobalSection
	GlobalSection(ProjectConfigurationPlatforms) = postSolution
		{B5815B59-F9A4-40A6-B8B2-90DA589F1F82}.Debug|Any CPU.ActiveCfg = Debug|Any CPU
		{B5815B59-F9A4-40A6-B8B2-90DA589F1F82}.Debug|Any CPU.Build.0 = Debug|Any CPU
		{B5815B59-F9A4-40A6-B8B2-90DA589F1F82}.Release|Any CPU.ActiveCfg = Release|Any CPU
		{B5815B59-F9A4-40A6-B8B2-90DA589F1F82}.Release|Any CPU.Build.0 = Release|Any CPU
	EndGlobalSection
	GlobalSection(SolutionProperties) = preSolution
		HideSolutionNode = FALSE
	EndGlobalSection
	GlobalSection(ExtensibilityGlobals) = postSolution
		SolutionGuid = {A404EEAA-8A78-478F-817F-3D6C1121376B}
	EndGlobalSection
EndGlobal
